
Microsoft Visual Studio Solution File, Format Version 12.00
# Visual Studio 15
VisualStudioVersion = 15.0.28307.329
MinimumVisualStudioVersion = 10.0.40219.1
Project("{FAE04EC0-301F-11D3-BF4B-00C04F79EFBC}") = "BrowserGame", "BrowserGame\BrowserGame.csproj", "{D93671A2-941B-452A-8ED4-57BF1E4F891D}"
EndProject
Global
	GlobalSection(SolutionConfigurationPlatforms) = preSolution
		Debug|Any CPU = Debug|Any CPU
		Release|Any CPU = Release|Any CPU
	EndGlobalSection
	GlobalSection(ProjectConfigurationPlatforms) = postSolution
		{D93671A2-941B-452A-8ED4-57BF1E4F891D}.Debug|Any CPU.ActiveCfg = Debug|Any CPU
		{D93671A2-941B-452A-8ED4-57BF1E4F891D}.Debug|Any CPU.Build.0 = Debug|Any CPU
		{D93671A2-941B-452A-8ED4-57BF1E4F891D}.Release|Any CPU.ActiveCfg = Release|Any CPU
		{D93671A2-941B-452A-8ED4-57BF1E4F891D}.Release|Any CPU.Build.0 = Release|Any CPU
	EndGlobalSection
	GlobalSection(SolutionProperties) = preSolution
		HideSolutionNode = FALSE
	EndGlobalSection
	GlobalSection(ExtensibilityGlobals) = postSolution
		SolutionGuid = {7D73CF15-9578-438C-83FC-7D5ACD06FC6D}
	EndGlobalSection
EndGlobal
